
Microsoft Visual Studio Solution File, Format Version 12.00
# Visual Studio 15
VisualStudioVersion = 15.0.28307.572
MinimumVisualStudioVersion = 10.0.40219.1
Project("{8BC9CEB8-8B4A-11D0-8D11-00A0C91BC942}") = "Изменение размера массива", "Изменение размера массива\Изменение размера массива.vcxproj", "{53C7843A-50A7-4B49-B0EC-8F11E5BBD554}"
EndProject
Global
	GlobalSection(SolutionConfigurationPlatforms) = preSolution
		Debug|x64 = Debug|x64
		Debug|x86 = Debug|x86
		Release|x64 = Release|x64
		Release|x86 = Release|x86
	EndGlobalSection
	GlobalSection(ProjectConfigurationPlatforms) = postSolution
		{53C7843A-50A7-4B49-B0EC-8F11E5BBD554}.Debug|x64.ActiveCfg = Debug|x64
		{53C7843A-50A7-4B49-B0EC-8F11E5BBD554}.Debug|x64.Build.0 = Debug|x64
		{53C7843A-50A7-4B49-B0EC-8F11E5BBD554}.Debug|x86.ActiveCfg = Debug|Win32
		{53C7843A-50A7-4B49-B0EC-8F11E5BBD554}.Debug|x86.Build.0 = Debug|Win32
		{53C7843A-50A7-4B49-B0EC-8F11E5BBD554}.Release|x64.ActiveCfg = Release|x64
		{53C7843A-50A7-4B49-B0EC-8F11E5BBD554}.Release|x64.Build.0 = Release|x64
		{53C7843A-50A7-4B49-B0EC-8F11E5BBD554}.Release|x86.ActiveCfg = Release|Win32
		{53C7843A-50A7-4B49-B0EC-8F11E5BBD554}.Release|x86.Build.0 = Release|Win32
	EndGlobalSection
	GlobalSection(SolutionProperties) = preSolution
		HideSolutionNode = FALSE
	EndGlobalSection
	GlobalSection(ExtensibilityGlobals) = postSolution
		SolutionGuid = {607CAC1B-BA69-4FAB-AD2F-D8B5D2A7C8BD}
	EndGlobalSection
EndGlobal
