
Microsoft Visual Studio Solution File, Format Version 12.00
# Visual Studio Version 16
VisualStudioVersion = 16.0.29102.190
MinimumVisualStudioVersion = 10.0.40219.1
Project("{8BC9CEB8-8B4A-11D0-8D11-00A0C91BC942}") = "Обработка исключений try catch", "Обработка исключений try catch\Обработка исключений try catch.vcxproj", "{2DA20CF6-0E97-4A5D-B0E4-43747AB8999E}"
EndProject
Global
	GlobalSection(SolutionConfigurationPlatforms) = preSolution
		Debug|x64 = Debug|x64
		Debug|x86 = Debug|x86
		Release|x64 = Release|x64
		Release|x86 = Release|x86
	EndGlobalSection
	GlobalSection(ProjectConfigurationPlatforms) = postSolution
		{2DA20CF6-0E97-4A5D-B0E4-43747AB8999E}.Debug|x64.ActiveCfg = Debug|x64
		{2DA20CF6-0E97-4A5D-B0E4-43747AB8999E}.Debug|x64.Build.0 = Debug|x64
		{2DA20CF6-0E97-4A5D-B0E4-43747AB8999E}.Debug|x86.ActiveCfg = Debug|Win32
		{2DA20CF6-0E97-4A5D-B0E4-43747AB8999E}.Debug|x86.Build.0 = Debug|Win32
		{2DA20CF6-0E97-4A5D-B0E4-43747AB8999E}.Release|x64.ActiveCfg = Release|x64
		{2DA20CF6-0E97-4A5D-B0E4-43747AB8999E}.Release|x64.Build.0 = Release|x64
		{2DA20CF6-0E97-4A5D-B0E4-43747AB8999E}.Release|x86.ActiveCfg = Release|Win32
		{2DA20CF6-0E97-4A5D-B0E4-43747AB8999E}.Release|x86.Build.0 = Release|Win32
	EndGlobalSection
	GlobalSection(SolutionProperties) = preSolution
		HideSolutionNode = FALSE
	EndGlobalSection
	GlobalSection(ExtensibilityGlobals) = postSolution
		SolutionGuid = {B9B389CD-5802-4AD5-9A55-CD00CBA07509}
	EndGlobalSection
EndGlobal
