
Microsoft Visual Studio Solution File, Format Version 12.00
# Visual Studio 15
VisualStudioVersion = 15.0.28307.489
MinimumVisualStudioVersion = 10.0.40219.1
Project("{8BC9CEB8-8B4A-11D0-8D11-00A0C91BC942}") = "If", "If\If.vcxproj", "{54243A7C-C098-4822-A08D-B060F4F7C761}"
EndProject
Global
	GlobalSection(SolutionConfigurationPlatforms) = preSolution
		Debug|x64 = Debug|x64
		Debug|x86 = Debug|x86
		Release|x64 = Release|x64
		Release|x86 = Release|x86
	EndGlobalSection
	GlobalSection(ProjectConfigurationPlatforms) = postSolution
		{54243A7C-C098-4822-A08D-B060F4F7C761}.Debug|x64.ActiveCfg = Debug|x64
		{54243A7C-C098-4822-A08D-B060F4F7C761}.Debug|x64.Build.0 = Debug|x64
		{54243A7C-C098-4822-A08D-B060F4F7C761}.Debug|x86.ActiveCfg = Debug|Win32
		{54243A7C-C098-4822-A08D-B060F4F7C761}.Debug|x86.Build.0 = Debug|Win32
		{54243A7C-C098-4822-A08D-B060F4F7C761}.Release|x64.ActiveCfg = Release|x64
		{54243A7C-C098-4822-A08D-B060F4F7C761}.Release|x64.Build.0 = Release|x64
		{54243A7C-C098-4822-A08D-B060F4F7C761}.Release|x86.ActiveCfg = Release|Win32
		{54243A7C-C098-4822-A08D-B060F4F7C761}.Release|x86.Build.0 = Release|Win32
	EndGlobalSection
	GlobalSection(SolutionProperties) = preSolution
		HideSolutionNode = FALSE
	EndGlobalSection
	GlobalSection(ExtensibilityGlobals) = postSolution
		SolutionGuid = {5452270B-1DF5-4406-98D0-F8E02EC726B6}
	EndGlobalSection
EndGlobal
