
Microsoft Visual Studio Solution File, Format Version 12.00
# Visual Studio 15
VisualStudioVersion = 15.0.28307.645
MinimumVisualStudioVersion = 10.0.40219.1
Project("{8BC9CEB8-8B4A-11D0-8D11-00A0C91BC942}") = "Конструктор копирования", "Конструктор копирования\Конструктор копирования.vcxproj", "{F369B91E-3992-4AFF-9E07-713B7F539E54}"
EndProject
Global
	GlobalSection(SolutionConfigurationPlatforms) = preSolution
		Debug|x64 = Debug|x64
		Debug|x86 = Debug|x86
		Release|x64 = Release|x64
		Release|x86 = Release|x86
	EndGlobalSection
	GlobalSection(ProjectConfigurationPlatforms) = postSolution
		{F369B91E-3992-4AFF-9E07-713B7F539E54}.Debug|x64.ActiveCfg = Debug|x64
		{F369B91E-3992-4AFF-9E07-713B7F539E54}.Debug|x64.Build.0 = Debug|x64
		{F369B91E-3992-4AFF-9E07-713B7F539E54}.Debug|x86.ActiveCfg = Debug|Win32
		{F369B91E-3992-4AFF-9E07-713B7F539E54}.Debug|x86.Build.0 = Debug|Win32
		{F369B91E-3992-4AFF-9E07-713B7F539E54}.Release|x64.ActiveCfg = Release|x64
		{F369B91E-3992-4AFF-9E07-713B7F539E54}.Release|x64.Build.0 = Release|x64
		{F369B91E-3992-4AFF-9E07-713B7F539E54}.Release|x86.ActiveCfg = Release|Win32
		{F369B91E-3992-4AFF-9E07-713B7F539E54}.Release|x86.Build.0 = Release|Win32
	EndGlobalSection
	GlobalSection(SolutionProperties) = preSolution
		HideSolutionNode = FALSE
	EndGlobalSection
	GlobalSection(ExtensibilityGlobals) = postSolution
		SolutionGuid = {79803FF8-243D-4029-BD68-57943A9B18F6}
	EndGlobalSection
EndGlobal
