
Microsoft Visual Studio Solution File, Format Version 12.00
# Visual Studio 15
VisualStudioVersion = 15.0.28307.572
MinimumVisualStudioVersion = 10.0.40219.1
Project("{8BC9CEB8-8B4A-11D0-8D11-00A0C91BC942}") = "Стек и Рекурсия", "Стек и Рекурсия\Стек и Рекурсия.vcxproj", "{2ABBF1CE-51F4-4F92-ACBD-D775F9B90A9B}"
EndProject
Global
	GlobalSection(SolutionConfigurationPlatforms) = preSolution
		Debug|x64 = Debug|x64
		Debug|x86 = Debug|x86
		Release|x64 = Release|x64
		Release|x86 = Release|x86
	EndGlobalSection
	GlobalSection(ProjectConfigurationPlatforms) = postSolution
		{2ABBF1CE-51F4-4F92-ACBD-D775F9B90A9B}.Debug|x64.ActiveCfg = Debug|x64
		{2ABBF1CE-51F4-4F92-ACBD-D775F9B90A9B}.Debug|x64.Build.0 = Debug|x64
		{2ABBF1CE-51F4-4F92-ACBD-D775F9B90A9B}.Debug|x86.ActiveCfg = Debug|Win32
		{2ABBF1CE-51F4-4F92-ACBD-D775F9B90A9B}.Debug|x86.Build.0 = Debug|Win32
		{2ABBF1CE-51F4-4F92-ACBD-D775F9B90A9B}.Release|x64.ActiveCfg = Release|x64
		{2ABBF1CE-51F4-4F92-ACBD-D775F9B90A9B}.Release|x64.Build.0 = Release|x64
		{2ABBF1CE-51F4-4F92-ACBD-D775F9B90A9B}.Release|x86.ActiveCfg = Release|Win32
		{2ABBF1CE-51F4-4F92-ACBD-D775F9B90A9B}.Release|x86.Build.0 = Release|Win32
	EndGlobalSection
	GlobalSection(SolutionProperties) = preSolution
		HideSolutionNode = FALSE
	EndGlobalSection
	GlobalSection(ExtensibilityGlobals) = postSolution
		SolutionGuid = {51E63FCF-650F-4F97-8402-644D49B9BCF6}
	EndGlobalSection
EndGlobal
