
Microsoft Visual Studio Solution File, Format Version 12.00
# Visual Studio 15
VisualStudioVersion = 15.0.28307.572
MinimumVisualStudioVersion = 10.0.40219.1
Project("{8BC9CEB8-8B4A-11D0-8D11-00A0C91BC942}") = "Передача массива в функцию", "Передача массива в функцию\Передача массива в функцию.vcxproj", "{C2C2FE67-DDEB-4BE2-91E4-533072576772}"
EndProject
Global
	GlobalSection(SolutionConfigurationPlatforms) = preSolution
		Debug|x64 = Debug|x64
		Debug|x86 = Debug|x86
		Release|x64 = Release|x64
		Release|x86 = Release|x86
	EndGlobalSection
	GlobalSection(ProjectConfigurationPlatforms) = postSolution
		{C2C2FE67-DDEB-4BE2-91E4-533072576772}.Debug|x64.ActiveCfg = Debug|x64
		{C2C2FE67-DDEB-4BE2-91E4-533072576772}.Debug|x64.Build.0 = Debug|x64
		{C2C2FE67-DDEB-4BE2-91E4-533072576772}.Debug|x86.ActiveCfg = Debug|Win32
		{C2C2FE67-DDEB-4BE2-91E4-533072576772}.Debug|x86.Build.0 = Debug|Win32
		{C2C2FE67-DDEB-4BE2-91E4-533072576772}.Release|x64.ActiveCfg = Release|x64
		{C2C2FE67-DDEB-4BE2-91E4-533072576772}.Release|x64.Build.0 = Release|x64
		{C2C2FE67-DDEB-4BE2-91E4-533072576772}.Release|x86.ActiveCfg = Release|Win32
		{C2C2FE67-DDEB-4BE2-91E4-533072576772}.Release|x86.Build.0 = Release|Win32
	EndGlobalSection
	GlobalSection(SolutionProperties) = preSolution
		HideSolutionNode = FALSE
	EndGlobalSection
	GlobalSection(ExtensibilityGlobals) = postSolution
		SolutionGuid = {2E7066A2-8F29-47F4-BA90-2FE12EE94D0A}
	EndGlobalSection
EndGlobal
